
Microsoft Visual Studio Solution File, Format Version 12.00
# Visual Studio Version 16
VisualStudioVersion = 16.0.31229.75
MinimumVisualStudioVersion = 10.0.40219.1
Project("{9A19103F-16F7-4668-BE54-9A1E7A4F7556}") = "SignalRGroupChat", "SignalRGroupChat\SignalRGroupChat.csproj", "{4634290D-98DB-4660-821C-ACDE21C8B2BF}"
EndProject
Project("{2150E333-8FDC-42A3-9474-1A3956D46DE8}") = "Solution Items", "Solution Items", "{D6EE3903-33E4-46A2-BC6F-A63233778655}"
	ProjectSection(SolutionItems) = preProject
		.gitignore = .gitignore
	EndProjectSection
EndProject
Global
	GlobalSection(SolutionConfigurationPlatforms) = preSolution
		Debug|Any CPU = Debug|Any CPU
		Release|Any CPU = Release|Any CPU
	EndGlobalSection
	GlobalSection(ProjectConfigurationPlatforms) = postSolution
		{4634290D-98DB-4660-821C-ACDE21C8B2BF}.Debug|Any CPU.ActiveCfg = Debug|Any CPU
		{4634290D-98DB-4660-821C-ACDE21C8B2BF}.Debug|Any CPU.Build.0 = Debug|Any CPU
		{4634290D-98DB-4660-821C-ACDE21C8B2BF}.Release|Any CPU.ActiveCfg = Release|Any CPU
		{4634290D-98DB-4660-821C-ACDE21C8B2BF}.Release|Any CPU.Build.0 = Release|Any CPU
	EndGlobalSection
	GlobalSection(SolutionProperties) = preSolution
		HideSolutionNode = FALSE
	EndGlobalSection
	GlobalSection(ExtensibilityGlobals) = postSolution
		SolutionGuid = {CD256007-DED3-4B28-A99B-D3A2DD34EECF}
	EndGlobalSection
EndGlobal
